
Microsoft Visual Studio Solution File, Format Version 12.00
# Visual Studio Version 16
VisualStudioVersion = 16.0.29009.5
MinimumVisualStudioVersion = 10.0.40219.1
Project("{FAE04EC0-301F-11D3-BF4B-00C04F79EFBC}") = "Capstone1-PigLatin-NateS", "Capstone1-PigLatin-NateS.csproj", "{4CDA02D5-8F20-46B1-A24B-595DFAC189B3}"
EndProject
Global
	GlobalSection(SolutionConfigurationPlatforms) = preSolution
		Debug|Any CPU = Debug|Any CPU
		Release|Any CPU = Release|Any CPU
	EndGlobalSection
	GlobalSection(ProjectConfigurationPlatforms) = postSolution
		{4CDA02D5-8F20-46B1-A24B-595DFAC189B3}.Debug|Any CPU.ActiveCfg = Debug|Any CPU
		{4CDA02D5-8F20-46B1-A24B-595DFAC189B3}.Debug|Any CPU.Build.0 = Debug|Any CPU
		{4CDA02D5-8F20-46B1-A24B-595DFAC189B3}.Release|Any CPU.ActiveCfg = Release|Any CPU
		{4CDA02D5-8F20-46B1-A24B-595DFAC189B3}.Release|Any CPU.Build.0 = Release|Any CPU
	EndGlobalSection
	GlobalSection(SolutionProperties) = preSolution
		HideSolutionNode = FALSE
	EndGlobalSection
	GlobalSection(ExtensibilityGlobals) = postSolution
		SolutionGuid = {7A11DF1E-ADE5-4DCA-AB52-4CEF558F624D}
	EndGlobalSection
EndGlobal
